
Microsoft Visual Studio Solution File, Format Version 12.00
# Visual Studio Version 16
VisualStudioVersion = 16.0.31702.278
MinimumVisualStudioVersion = 10.0.40219.1
Project("{FAE04EC0-301F-11D3-BF4B-00C04F79EFBC}") = "03EvenOdd", "03EvenOdd.csproj", "{737A25B0-80B1-48C8-B4DE-6442A4054E4E}"
EndProject
Global
	GlobalSection(SolutionConfigurationPlatforms) = preSolution
		Debug|Any CPU = Debug|Any CPU
		Release|Any CPU = Release|Any CPU
	EndGlobalSection
	GlobalSection(ProjectConfigurationPlatforms) = postSolution
		{737A25B0-80B1-48C8-B4DE-6442A4054E4E}.Debug|Any CPU.ActiveCfg = Debug|Any CPU
		{737A25B0-80B1-48C8-B4DE-6442A4054E4E}.Debug|Any CPU.Build.0 = Debug|Any CPU
		{737A25B0-80B1-48C8-B4DE-6442A4054E4E}.Release|Any CPU.ActiveCfg = Release|Any CPU
		{737A25B0-80B1-48C8-B4DE-6442A4054E4E}.Release|Any CPU.Build.0 = Release|Any CPU
	EndGlobalSection
	GlobalSection(SolutionProperties) = preSolution
		HideSolutionNode = FALSE
	EndGlobalSection
	GlobalSection(ExtensibilityGlobals) = postSolution
		SolutionGuid = {38E2B391-6D97-4D19-B84D-D869673D8C0E}
	EndGlobalSection
EndGlobal
