
Microsoft Visual Studio Solution File, Format Version 12.00
# Visual Studio Version 16
VisualStudioVersion = 16.0.31702.278
MinimumVisualStudioVersion = 10.0.40219.1
Project("{FAE04EC0-301F-11D3-BF4B-00C04F79EFBC}") = "06Determinant", "06Determinant.csproj", "{24CE92A6-42B3-46DF-BC62-5F09AE82F58F}"
EndProject
Global
	GlobalSection(SolutionConfigurationPlatforms) = preSolution
		Debug|Any CPU = Debug|Any CPU
		Release|Any CPU = Release|Any CPU
	EndGlobalSection
	GlobalSection(ProjectConfigurationPlatforms) = postSolution
		{24CE92A6-42B3-46DF-BC62-5F09AE82F58F}.Debug|Any CPU.ActiveCfg = Debug|Any CPU
		{24CE92A6-42B3-46DF-BC62-5F09AE82F58F}.Debug|Any CPU.Build.0 = Debug|Any CPU
		{24CE92A6-42B3-46DF-BC62-5F09AE82F58F}.Release|Any CPU.ActiveCfg = Release|Any CPU
		{24CE92A6-42B3-46DF-BC62-5F09AE82F58F}.Release|Any CPU.Build.0 = Release|Any CPU
	EndGlobalSection
	GlobalSection(SolutionProperties) = preSolution
		HideSolutionNode = FALSE
	EndGlobalSection
	GlobalSection(ExtensibilityGlobals) = postSolution
		SolutionGuid = {BA1939AE-5F8D-418A-BF60-06F99E738C32}
	EndGlobalSection
EndGlobal
