
Microsoft Visual Studio Solution File, Format Version 12.00
# Visual Studio Version 16
VisualStudioVersion = 16.0.31702.278
MinimumVisualStudioVersion = 10.0.40219.1
Project("{FAE04EC0-301F-11D3-BF4B-00C04F79EFBC}") = "08Filter", "08Filter.csproj", "{973DADEE-15F9-4FF6-A03C-AF58D9901EEB}"
EndProject
Global
	GlobalSection(SolutionConfigurationPlatforms) = preSolution
		Debug|Any CPU = Debug|Any CPU
		Release|Any CPU = Release|Any CPU
	EndGlobalSection
	GlobalSection(ProjectConfigurationPlatforms) = postSolution
		{973DADEE-15F9-4FF6-A03C-AF58D9901EEB}.Debug|Any CPU.ActiveCfg = Debug|Any CPU
		{973DADEE-15F9-4FF6-A03C-AF58D9901EEB}.Debug|Any CPU.Build.0 = Debug|Any CPU
		{973DADEE-15F9-4FF6-A03C-AF58D9901EEB}.Release|Any CPU.ActiveCfg = Release|Any CPU
		{973DADEE-15F9-4FF6-A03C-AF58D9901EEB}.Release|Any CPU.Build.0 = Release|Any CPU
	EndGlobalSection
	GlobalSection(SolutionProperties) = preSolution
		HideSolutionNode = FALSE
	EndGlobalSection
	GlobalSection(ExtensibilityGlobals) = postSolution
		SolutionGuid = {2F9DDB80-1CFA-487E-9F1B-F548F4BE0592}
	EndGlobalSection
EndGlobal
