
Microsoft Visual Studio Solution File, Format Version 12.00
# Visual Studio Version 16
VisualStudioVersion = 16.0.31702.278
MinimumVisualStudioVersion = 10.0.40219.1
Project("{FAE04EC0-301F-11D3-BF4B-00C04F79EFBC}") = "06Separation", "06Separation.csproj", "{8437DEA5-C988-4198-96C5-7FE71A534004}"
EndProject
Global
	GlobalSection(SolutionConfigurationPlatforms) = preSolution
		Debug|Any CPU = Debug|Any CPU
		Release|Any CPU = Release|Any CPU
	EndGlobalSection
	GlobalSection(ProjectConfigurationPlatforms) = postSolution
		{8437DEA5-C988-4198-96C5-7FE71A534004}.Debug|Any CPU.ActiveCfg = Debug|Any CPU
		{8437DEA5-C988-4198-96C5-7FE71A534004}.Debug|Any CPU.Build.0 = Debug|Any CPU
		{8437DEA5-C988-4198-96C5-7FE71A534004}.Release|Any CPU.ActiveCfg = Release|Any CPU
		{8437DEA5-C988-4198-96C5-7FE71A534004}.Release|Any CPU.Build.0 = Release|Any CPU
	EndGlobalSection
	GlobalSection(SolutionProperties) = preSolution
		HideSolutionNode = FALSE
	EndGlobalSection
	GlobalSection(ExtensibilityGlobals) = postSolution
		SolutionGuid = {234DF6C3-2812-4D88-9DD1-0B779DC51000}
	EndGlobalSection
EndGlobal
