
Microsoft Visual Studio Solution File, Format Version 12.00
# Visual Studio Version 16
VisualStudioVersion = 16.0.31702.278
MinimumVisualStudioVersion = 10.0.40219.1
Project("{FAE04EC0-301F-11D3-BF4B-00C04F79EFBC}") = "04Palindrome", "04Palindrome.csproj", "{CA6744D2-F730-4A75-86ED-55C9635D50A3}"
EndProject
Global
	GlobalSection(SolutionConfigurationPlatforms) = preSolution
		Debug|Any CPU = Debug|Any CPU
		Release|Any CPU = Release|Any CPU
	EndGlobalSection
	GlobalSection(ProjectConfigurationPlatforms) = postSolution
		{CA6744D2-F730-4A75-86ED-55C9635D50A3}.Debug|Any CPU.ActiveCfg = Debug|Any CPU
		{CA6744D2-F730-4A75-86ED-55C9635D50A3}.Debug|Any CPU.Build.0 = Debug|Any CPU
		{CA6744D2-F730-4A75-86ED-55C9635D50A3}.Release|Any CPU.ActiveCfg = Release|Any CPU
		{CA6744D2-F730-4A75-86ED-55C9635D50A3}.Release|Any CPU.Build.0 = Release|Any CPU
	EndGlobalSection
	GlobalSection(SolutionProperties) = preSolution
		HideSolutionNode = FALSE
	EndGlobalSection
	GlobalSection(ExtensibilityGlobals) = postSolution
		SolutionGuid = {30EA9883-D6E7-471F-9B60-EB12A2A88B32}
	EndGlobalSection
EndGlobal
