
Microsoft Visual Studio Solution File, Format Version 12.00
# Visual Studio Version 16
VisualStudioVersion = 16.0.31702.278
MinimumVisualStudioVersion = 10.0.40219.1
Project("{FAE04EC0-301F-11D3-BF4B-00C04F79EFBC}") = "04Fibonacci", "04Fibonacci.csproj", "{3CE024C8-3D3C-4A01-832D-D712B3E5D1E5}"
EndProject
Global
	GlobalSection(SolutionConfigurationPlatforms) = preSolution
		Debug|Any CPU = Debug|Any CPU
		Release|Any CPU = Release|Any CPU
	EndGlobalSection
	GlobalSection(ProjectConfigurationPlatforms) = postSolution
		{3CE024C8-3D3C-4A01-832D-D712B3E5D1E5}.Debug|Any CPU.ActiveCfg = Debug|Any CPU
		{3CE024C8-3D3C-4A01-832D-D712B3E5D1E5}.Debug|Any CPU.Build.0 = Debug|Any CPU
		{3CE024C8-3D3C-4A01-832D-D712B3E5D1E5}.Release|Any CPU.ActiveCfg = Release|Any CPU
		{3CE024C8-3D3C-4A01-832D-D712B3E5D1E5}.Release|Any CPU.Build.0 = Release|Any CPU
	EndGlobalSection
	GlobalSection(SolutionProperties) = preSolution
		HideSolutionNode = FALSE
	EndGlobalSection
	GlobalSection(ExtensibilityGlobals) = postSolution
		SolutionGuid = {88970EB5-6AA7-4686-943C-5CD7B48F6150}
	EndGlobalSection
EndGlobal
