
Microsoft Visual Studio Solution File, Format Version 12.00
# Visual Studio Version 16
VisualStudioVersion = 16.0.31702.278
MinimumVisualStudioVersion = 10.0.40219.1
Project("{FAE04EC0-301F-11D3-BF4B-00C04F79EFBC}") = "05Dictionary", "05Dictionary.csproj", "{3148876A-ED29-4AEF-AFC5-106EC5682EC6}"
EndProject
Global
	GlobalSection(SolutionConfigurationPlatforms) = preSolution
		Debug|Any CPU = Debug|Any CPU
		Release|Any CPU = Release|Any CPU
	EndGlobalSection
	GlobalSection(ProjectConfigurationPlatforms) = postSolution
		{3148876A-ED29-4AEF-AFC5-106EC5682EC6}.Debug|Any CPU.ActiveCfg = Debug|Any CPU
		{3148876A-ED29-4AEF-AFC5-106EC5682EC6}.Debug|Any CPU.Build.0 = Debug|Any CPU
		{3148876A-ED29-4AEF-AFC5-106EC5682EC6}.Release|Any CPU.ActiveCfg = Release|Any CPU
		{3148876A-ED29-4AEF-AFC5-106EC5682EC6}.Release|Any CPU.Build.0 = Release|Any CPU
	EndGlobalSection
	GlobalSection(SolutionProperties) = preSolution
		HideSolutionNode = FALSE
	EndGlobalSection
	GlobalSection(ExtensibilityGlobals) = postSolution
		SolutionGuid = {5F00FABC-3968-4183-ACD9-7D7B8942EFBA}
	EndGlobalSection
EndGlobal
