
Microsoft Visual Studio Solution File, Format Version 12.00
# Visual Studio Version 16
VisualStudioVersion = 16.0.31702.278
MinimumVisualStudioVersion = 10.0.40219.1
Project("{FAE04EC0-301F-11D3-BF4B-00C04F79EFBC}") = "06OnlyEven", "06OnlyEven.csproj", "{F82C6E8E-BE9C-4A2C-BAEB-76BD0EF9C410}"
EndProject
Global
	GlobalSection(SolutionConfigurationPlatforms) = preSolution
		Debug|Any CPU = Debug|Any CPU
		Release|Any CPU = Release|Any CPU
	EndGlobalSection
	GlobalSection(ProjectConfigurationPlatforms) = postSolution
		{F82C6E8E-BE9C-4A2C-BAEB-76BD0EF9C410}.Debug|Any CPU.ActiveCfg = Debug|Any CPU
		{F82C6E8E-BE9C-4A2C-BAEB-76BD0EF9C410}.Debug|Any CPU.Build.0 = Debug|Any CPU
		{F82C6E8E-BE9C-4A2C-BAEB-76BD0EF9C410}.Release|Any CPU.ActiveCfg = Release|Any CPU
		{F82C6E8E-BE9C-4A2C-BAEB-76BD0EF9C410}.Release|Any CPU.Build.0 = Release|Any CPU
	EndGlobalSection
	GlobalSection(SolutionProperties) = preSolution
		HideSolutionNode = FALSE
	EndGlobalSection
	GlobalSection(ExtensibilityGlobals) = postSolution
		SolutionGuid = {120B71D0-6294-40BB-8677-CB12E6E25B77}
	EndGlobalSection
EndGlobal
