
Microsoft Visual Studio Solution File, Format Version 12.00
# Visual Studio Version 16
VisualStudioVersion = 16.0.31702.278
MinimumVisualStudioVersion = 10.0.40219.1
Project("{FAE04EC0-301F-11D3-BF4B-00C04F79EFBC}") = "07Squares", "07Squares.csproj", "{9FC920D6-9BFB-4AFA-8298-A40DB2E9BA29}"
EndProject
Global
	GlobalSection(SolutionConfigurationPlatforms) = preSolution
		Debug|Any CPU = Debug|Any CPU
		Release|Any CPU = Release|Any CPU
	EndGlobalSection
	GlobalSection(ProjectConfigurationPlatforms) = postSolution
		{9FC920D6-9BFB-4AFA-8298-A40DB2E9BA29}.Debug|Any CPU.ActiveCfg = Debug|Any CPU
		{9FC920D6-9BFB-4AFA-8298-A40DB2E9BA29}.Debug|Any CPU.Build.0 = Debug|Any CPU
		{9FC920D6-9BFB-4AFA-8298-A40DB2E9BA29}.Release|Any CPU.ActiveCfg = Release|Any CPU
		{9FC920D6-9BFB-4AFA-8298-A40DB2E9BA29}.Release|Any CPU.Build.0 = Release|Any CPU
	EndGlobalSection
	GlobalSection(SolutionProperties) = preSolution
		HideSolutionNode = FALSE
	EndGlobalSection
	GlobalSection(ExtensibilityGlobals) = postSolution
		SolutionGuid = {873E44D4-09EB-49D7-B829-DEDC5B4BE666}
	EndGlobalSection
EndGlobal
