
Microsoft Visual Studio Solution File, Format Version 12.00
# Visual Studio Version 16
VisualStudioVersion = 16.0.31702.278
MinimumVisualStudioVersion = 10.0.40219.1
Project("{FAE04EC0-301F-11D3-BF4B-00C04F79EFBC}") = "sorting", "sorting.csproj", "{E28B642E-5E48-426E-9E53-1B2F833EB11A}"
EndProject
Global
	GlobalSection(SolutionConfigurationPlatforms) = preSolution
		Debug|Any CPU = Debug|Any CPU
		Release|Any CPU = Release|Any CPU
	EndGlobalSection
	GlobalSection(ProjectConfigurationPlatforms) = postSolution
		{E28B642E-5E48-426E-9E53-1B2F833EB11A}.Debug|Any CPU.ActiveCfg = Debug|Any CPU
		{E28B642E-5E48-426E-9E53-1B2F833EB11A}.Debug|Any CPU.Build.0 = Debug|Any CPU
		{E28B642E-5E48-426E-9E53-1B2F833EB11A}.Release|Any CPU.ActiveCfg = Release|Any CPU
		{E28B642E-5E48-426E-9E53-1B2F833EB11A}.Release|Any CPU.Build.0 = Release|Any CPU
	EndGlobalSection
	GlobalSection(SolutionProperties) = preSolution
		HideSolutionNode = FALSE
	EndGlobalSection
	GlobalSection(ExtensibilityGlobals) = postSolution
		SolutionGuid = {7EB7F50C-D48F-4B7B-A186-58F822155213}
	EndGlobalSection
EndGlobal
