
Microsoft Visual Studio Solution File, Format Version 12.00
# Visual Studio Version 16
VisualStudioVersion = 16.0.31702.278
MinimumVisualStudioVersion = 10.0.40219.1
Project("{FAE04EC0-301F-11D3-BF4B-00C04F79EFBC}") = "05Password", "05Password.csproj", "{8FD53705-87A9-4BE8-A0F9-E44EB9471969}"
EndProject
Global
	GlobalSection(SolutionConfigurationPlatforms) = preSolution
		Debug|Any CPU = Debug|Any CPU
		Release|Any CPU = Release|Any CPU
	EndGlobalSection
	GlobalSection(ProjectConfigurationPlatforms) = postSolution
		{8FD53705-87A9-4BE8-A0F9-E44EB9471969}.Debug|Any CPU.ActiveCfg = Debug|Any CPU
		{8FD53705-87A9-4BE8-A0F9-E44EB9471969}.Debug|Any CPU.Build.0 = Debug|Any CPU
		{8FD53705-87A9-4BE8-A0F9-E44EB9471969}.Release|Any CPU.ActiveCfg = Release|Any CPU
		{8FD53705-87A9-4BE8-A0F9-E44EB9471969}.Release|Any CPU.Build.0 = Release|Any CPU
	EndGlobalSection
	GlobalSection(SolutionProperties) = preSolution
		HideSolutionNode = FALSE
	EndGlobalSection
	GlobalSection(ExtensibilityGlobals) = postSolution
		SolutionGuid = {86AE9016-1FA4-44D9-9D07-11142C4769AF}
	EndGlobalSection
EndGlobal
