
Microsoft Visual Studio Solution File, Format Version 12.00
# Visual Studio Version 16
VisualStudioVersion = 16.0.31702.278
MinimumVisualStudioVersion = 10.0.40219.1
Project("{FAE04EC0-301F-11D3-BF4B-00C04F79EFBC}") = "04Factorial", "04Factorial.csproj", "{9716154F-165A-4893-B3AE-1E8BD4D55663}"
EndProject
Global
	GlobalSection(SolutionConfigurationPlatforms) = preSolution
		Debug|Any CPU = Debug|Any CPU
		Release|Any CPU = Release|Any CPU
	EndGlobalSection
	GlobalSection(ProjectConfigurationPlatforms) = postSolution
		{9716154F-165A-4893-B3AE-1E8BD4D55663}.Debug|Any CPU.ActiveCfg = Debug|Any CPU
		{9716154F-165A-4893-B3AE-1E8BD4D55663}.Debug|Any CPU.Build.0 = Debug|Any CPU
		{9716154F-165A-4893-B3AE-1E8BD4D55663}.Release|Any CPU.ActiveCfg = Release|Any CPU
		{9716154F-165A-4893-B3AE-1E8BD4D55663}.Release|Any CPU.Build.0 = Release|Any CPU
	EndGlobalSection
	GlobalSection(SolutionProperties) = preSolution
		HideSolutionNode = FALSE
	EndGlobalSection
	GlobalSection(ExtensibilityGlobals) = postSolution
		SolutionGuid = {35A4ED10-5EE1-48F8-8DFD-6919D503863B}
	EndGlobalSection
EndGlobal
