
Microsoft Visual Studio Solution File, Format Version 12.00
# Visual Studio Version 16
VisualStudioVersion = 16.0.31702.278
MinimumVisualStudioVersion = 10.0.40219.1
Project("{FAE04EC0-301F-11D3-BF4B-00C04F79EFBC}") = "bababooey", "bababooey.csproj", "{B0F1953B-F7BA-4FED-B69E-7A4EDACB2DFD}"
EndProject
Global
	GlobalSection(SolutionConfigurationPlatforms) = preSolution
		Debug|Any CPU = Debug|Any CPU
		Release|Any CPU = Release|Any CPU
	EndGlobalSection
	GlobalSection(ProjectConfigurationPlatforms) = postSolution
		{B0F1953B-F7BA-4FED-B69E-7A4EDACB2DFD}.Debug|Any CPU.ActiveCfg = Debug|Any CPU
		{B0F1953B-F7BA-4FED-B69E-7A4EDACB2DFD}.Debug|Any CPU.Build.0 = Debug|Any CPU
		{B0F1953B-F7BA-4FED-B69E-7A4EDACB2DFD}.Release|Any CPU.ActiveCfg = Release|Any CPU
		{B0F1953B-F7BA-4FED-B69E-7A4EDACB2DFD}.Release|Any CPU.Build.0 = Release|Any CPU
	EndGlobalSection
	GlobalSection(SolutionProperties) = preSolution
		HideSolutionNode = FALSE
	EndGlobalSection
	GlobalSection(ExtensibilityGlobals) = postSolution
		SolutionGuid = {CF66FB8B-A6EF-4BDF-8FA0-A1EB82C5C1CE}
	EndGlobalSection
EndGlobal
