
Microsoft Visual Studio Solution File, Format Version 12.00
# Visual Studio Version 16
VisualStudioVersion = 16.0.31702.278
MinimumVisualStudioVersion = 10.0.40219.1
Project("{FAE04EC0-301F-11D3-BF4B-00C04F79EFBC}") = "for", "for.csproj", "{3813D5F7-6B35-498D-B5D9-C12E5CFD8761}"
EndProject
Global
	GlobalSection(SolutionConfigurationPlatforms) = preSolution
		Debug|Any CPU = Debug|Any CPU
		Release|Any CPU = Release|Any CPU
	EndGlobalSection
	GlobalSection(ProjectConfigurationPlatforms) = postSolution
		{3813D5F7-6B35-498D-B5D9-C12E5CFD8761}.Debug|Any CPU.ActiveCfg = Debug|Any CPU
		{3813D5F7-6B35-498D-B5D9-C12E5CFD8761}.Debug|Any CPU.Build.0 = Debug|Any CPU
		{3813D5F7-6B35-498D-B5D9-C12E5CFD8761}.Release|Any CPU.ActiveCfg = Release|Any CPU
		{3813D5F7-6B35-498D-B5D9-C12E5CFD8761}.Release|Any CPU.Build.0 = Release|Any CPU
	EndGlobalSection
	GlobalSection(SolutionProperties) = preSolution
		HideSolutionNode = FALSE
	EndGlobalSection
	GlobalSection(ExtensibilityGlobals) = postSolution
		SolutionGuid = {076F4AA4-1024-4FEE-846A-96C9E07D3B32}
	EndGlobalSection
EndGlobal
