
Microsoft Visual Studio Solution File, Format Version 12.00
# Visual Studio Version 16
VisualStudioVersion = 16.0.31702.278
MinimumVisualStudioVersion = 10.0.40219.1
Project("{FAE04EC0-301F-11D3-BF4B-00C04F79EFBC}") = "07Exeptions", "07Exeptions.csproj", "{8B0B1635-76D9-4E68-8BAD-91ADE644B47B}"
EndProject
Global
	GlobalSection(SolutionConfigurationPlatforms) = preSolution
		Debug|Any CPU = Debug|Any CPU
		Release|Any CPU = Release|Any CPU
	EndGlobalSection
	GlobalSection(ProjectConfigurationPlatforms) = postSolution
		{8B0B1635-76D9-4E68-8BAD-91ADE644B47B}.Debug|Any CPU.ActiveCfg = Debug|Any CPU
		{8B0B1635-76D9-4E68-8BAD-91ADE644B47B}.Debug|Any CPU.Build.0 = Debug|Any CPU
		{8B0B1635-76D9-4E68-8BAD-91ADE644B47B}.Release|Any CPU.ActiveCfg = Release|Any CPU
		{8B0B1635-76D9-4E68-8BAD-91ADE644B47B}.Release|Any CPU.Build.0 = Release|Any CPU
	EndGlobalSection
	GlobalSection(SolutionProperties) = preSolution
		HideSolutionNode = FALSE
	EndGlobalSection
	GlobalSection(ExtensibilityGlobals) = postSolution
		SolutionGuid = {086C8B05-F0B6-4B1B-B7F4-DFF5E7FC66AE}
	EndGlobalSection
EndGlobal
