
Microsoft Visual Studio Solution File, Format Version 12.00
# Visual Studio Version 16
VisualStudioVersion = 16.0.31702.278
MinimumVisualStudioVersion = 10.0.40219.1
Project("{FAE04EC0-301F-11D3-BF4B-00C04F79EFBC}") = "02Distance", "02Distance.csproj", "{E296D959-2C49-4C56-BD5F-EB994D8BBCBE}"
EndProject
Global
	GlobalSection(SolutionConfigurationPlatforms) = preSolution
		Debug|Any CPU = Debug|Any CPU
		Release|Any CPU = Release|Any CPU
	EndGlobalSection
	GlobalSection(ProjectConfigurationPlatforms) = postSolution
		{E296D959-2C49-4C56-BD5F-EB994D8BBCBE}.Debug|Any CPU.ActiveCfg = Debug|Any CPU
		{E296D959-2C49-4C56-BD5F-EB994D8BBCBE}.Debug|Any CPU.Build.0 = Debug|Any CPU
		{E296D959-2C49-4C56-BD5F-EB994D8BBCBE}.Release|Any CPU.ActiveCfg = Release|Any CPU
		{E296D959-2C49-4C56-BD5F-EB994D8BBCBE}.Release|Any CPU.Build.0 = Release|Any CPU
	EndGlobalSection
	GlobalSection(SolutionProperties) = preSolution
		HideSolutionNode = FALSE
	EndGlobalSection
	GlobalSection(ExtensibilityGlobals) = postSolution
		SolutionGuid = {FA09A690-D7B9-4B45-A323-61B82EC6F2A4}
	EndGlobalSection
EndGlobal
