
Microsoft Visual Studio Solution File, Format Version 12.00
# Visual Studio Version 16
VisualStudioVersion = 16.0.31702.278
MinimumVisualStudioVersion = 10.0.40219.1
Project("{FAE04EC0-301F-11D3-BF4B-00C04F79EFBC}") = "04FloydsTriangle", "04FloydsTriangle.csproj", "{84BF72BB-805F-4DDD-9266-E289F442D863}"
EndProject
Global
	GlobalSection(SolutionConfigurationPlatforms) = preSolution
		Debug|Any CPU = Debug|Any CPU
		Release|Any CPU = Release|Any CPU
	EndGlobalSection
	GlobalSection(ProjectConfigurationPlatforms) = postSolution
		{84BF72BB-805F-4DDD-9266-E289F442D863}.Debug|Any CPU.ActiveCfg = Debug|Any CPU
		{84BF72BB-805F-4DDD-9266-E289F442D863}.Debug|Any CPU.Build.0 = Debug|Any CPU
		{84BF72BB-805F-4DDD-9266-E289F442D863}.Release|Any CPU.ActiveCfg = Release|Any CPU
		{84BF72BB-805F-4DDD-9266-E289F442D863}.Release|Any CPU.Build.0 = Release|Any CPU
	EndGlobalSection
	GlobalSection(SolutionProperties) = preSolution
		HideSolutionNode = FALSE
	EndGlobalSection
	GlobalSection(ExtensibilityGlobals) = postSolution
		SolutionGuid = {DD5E7678-D042-4F4C-AE7F-8F8902B16A27}
	EndGlobalSection
EndGlobal
