
Microsoft Visual Studio Solution File, Format Version 12.00
# Visual Studio Version 16
VisualStudioVersion = 16.0.31702.278
MinimumVisualStudioVersion = 10.0.40219.1
Project("{FAE04EC0-301F-11D3-BF4B-00C04F79EFBC}") = "voorbeeldcodeles5", "voorbeeldcodeles5.csproj", "{1FECA9F7-FA0F-4AD4-9F24-442DB5FC5098}"
EndProject
Global
	GlobalSection(SolutionConfigurationPlatforms) = preSolution
		Debug|Any CPU = Debug|Any CPU
		Release|Any CPU = Release|Any CPU
	EndGlobalSection
	GlobalSection(ProjectConfigurationPlatforms) = postSolution
		{1FECA9F7-FA0F-4AD4-9F24-442DB5FC5098}.Debug|Any CPU.ActiveCfg = Debug|Any CPU
		{1FECA9F7-FA0F-4AD4-9F24-442DB5FC5098}.Debug|Any CPU.Build.0 = Debug|Any CPU
		{1FECA9F7-FA0F-4AD4-9F24-442DB5FC5098}.Release|Any CPU.ActiveCfg = Release|Any CPU
		{1FECA9F7-FA0F-4AD4-9F24-442DB5FC5098}.Release|Any CPU.Build.0 = Release|Any CPU
	EndGlobalSection
	GlobalSection(SolutionProperties) = preSolution
		HideSolutionNode = FALSE
	EndGlobalSection
	GlobalSection(ExtensibilityGlobals) = postSolution
		SolutionGuid = {1C52A80A-A444-445B-8BBD-DE1787314CA0}
	EndGlobalSection
EndGlobal
