
Microsoft Visual Studio Solution File, Format Version 12.00
# Visual Studio Version 16
VisualStudioVersion = 16.0.31702.278
MinimumVisualStudioVersion = 10.0.40219.1
Project("{FAE04EC0-301F-11D3-BF4B-00C04F79EFBC}") = "06SecondLargest", "06SecondLargest.csproj", "{7ED9B8E4-559E-41E4-AAC5-206F5958B7F4}"
EndProject
Global
	GlobalSection(SolutionConfigurationPlatforms) = preSolution
		Debug|Any CPU = Debug|Any CPU
		Release|Any CPU = Release|Any CPU
	EndGlobalSection
	GlobalSection(ProjectConfigurationPlatforms) = postSolution
		{7ED9B8E4-559E-41E4-AAC5-206F5958B7F4}.Debug|Any CPU.ActiveCfg = Debug|Any CPU
		{7ED9B8E4-559E-41E4-AAC5-206F5958B7F4}.Debug|Any CPU.Build.0 = Debug|Any CPU
		{7ED9B8E4-559E-41E4-AAC5-206F5958B7F4}.Release|Any CPU.ActiveCfg = Release|Any CPU
		{7ED9B8E4-559E-41E4-AAC5-206F5958B7F4}.Release|Any CPU.Build.0 = Release|Any CPU
	EndGlobalSection
	GlobalSection(SolutionProperties) = preSolution
		HideSolutionNode = FALSE
	EndGlobalSection
	GlobalSection(ExtensibilityGlobals) = postSolution
		SolutionGuid = {0F3B57FD-66AE-4C44-B94D-14C9E0C9D46D}
	EndGlobalSection
EndGlobal
