
Microsoft Visual Studio Solution File, Format Version 12.00
# Visual Studio Version 16
VisualStudioVersion = 16.0.31702.278
MinimumVisualStudioVersion = 10.0.40219.1
Project("{FAE04EC0-301F-11D3-BF4B-00C04F79EFBC}") = "Dictionary", "Dictionary.csproj", "{9416727C-8950-41EC-B437-2627ED88529F}"
EndProject
Global
	GlobalSection(SolutionConfigurationPlatforms) = preSolution
		Debug|Any CPU = Debug|Any CPU
		Release|Any CPU = Release|Any CPU
	EndGlobalSection
	GlobalSection(ProjectConfigurationPlatforms) = postSolution
		{9416727C-8950-41EC-B437-2627ED88529F}.Debug|Any CPU.ActiveCfg = Debug|Any CPU
		{9416727C-8950-41EC-B437-2627ED88529F}.Debug|Any CPU.Build.0 = Debug|Any CPU
		{9416727C-8950-41EC-B437-2627ED88529F}.Release|Any CPU.ActiveCfg = Release|Any CPU
		{9416727C-8950-41EC-B437-2627ED88529F}.Release|Any CPU.Build.0 = Release|Any CPU
	EndGlobalSection
	GlobalSection(SolutionProperties) = preSolution
		HideSolutionNode = FALSE
	EndGlobalSection
	GlobalSection(ExtensibilityGlobals) = postSolution
		SolutionGuid = {AC676912-1933-4741-8F92-3CB52E82B4F5}
	EndGlobalSection
EndGlobal
