
Microsoft Visual Studio Solution File, Format Version 12.00
# Visual Studio Version 16
VisualStudioVersion = 16.0.31702.278
MinimumVisualStudioVersion = 10.0.40219.1
Project("{FAE04EC0-301F-11D3-BF4B-00C04F79EFBC}") = "09Monster", "09Monster.csproj", "{0C7564A4-F342-4D92-951B-A03AFDA65FFB}"
EndProject
Global
	GlobalSection(SolutionConfigurationPlatforms) = preSolution
		Debug|Any CPU = Debug|Any CPU
		Release|Any CPU = Release|Any CPU
	EndGlobalSection
	GlobalSection(ProjectConfigurationPlatforms) = postSolution
		{0C7564A4-F342-4D92-951B-A03AFDA65FFB}.Debug|Any CPU.ActiveCfg = Debug|Any CPU
		{0C7564A4-F342-4D92-951B-A03AFDA65FFB}.Debug|Any CPU.Build.0 = Debug|Any CPU
		{0C7564A4-F342-4D92-951B-A03AFDA65FFB}.Release|Any CPU.ActiveCfg = Release|Any CPU
		{0C7564A4-F342-4D92-951B-A03AFDA65FFB}.Release|Any CPU.Build.0 = Release|Any CPU
	EndGlobalSection
	GlobalSection(SolutionProperties) = preSolution
		HideSolutionNode = FALSE
	EndGlobalSection
	GlobalSection(ExtensibilityGlobals) = postSolution
		SolutionGuid = {E654EC59-0B56-4BE0-B7E4-EAA4B03807DD}
	EndGlobalSection
EndGlobal
