
Microsoft Visual Studio Solution File, Format Version 12.00
# Visual Studio Version 16
VisualStudioVersion = 16.0.31702.278
MinimumVisualStudioVersion = 10.0.40219.1
Project("{FAE04EC0-301F-11D3-BF4B-00C04F79EFBC}") = "05Pangram", "05Pangram.csproj", "{D2D8F671-F6C1-4A68-9F0E-EA3EE1658FC4}"
EndProject
Global
	GlobalSection(SolutionConfigurationPlatforms) = preSolution
		Debug|Any CPU = Debug|Any CPU
		Release|Any CPU = Release|Any CPU
	EndGlobalSection
	GlobalSection(ProjectConfigurationPlatforms) = postSolution
		{D2D8F671-F6C1-4A68-9F0E-EA3EE1658FC4}.Debug|Any CPU.ActiveCfg = Debug|Any CPU
		{D2D8F671-F6C1-4A68-9F0E-EA3EE1658FC4}.Debug|Any CPU.Build.0 = Debug|Any CPU
		{D2D8F671-F6C1-4A68-9F0E-EA3EE1658FC4}.Release|Any CPU.ActiveCfg = Release|Any CPU
		{D2D8F671-F6C1-4A68-9F0E-EA3EE1658FC4}.Release|Any CPU.Build.0 = Release|Any CPU
	EndGlobalSection
	GlobalSection(SolutionProperties) = preSolution
		HideSolutionNode = FALSE
	EndGlobalSection
	GlobalSection(ExtensibilityGlobals) = postSolution
		SolutionGuid = {AF3768ED-0FAD-49B2-8260-42395480D6C0}
	EndGlobalSection
EndGlobal
