
Microsoft Visual Studio Solution File, Format Version 12.00
# Visual Studio Version 16
VisualStudioVersion = 16.0.31702.278
MinimumVisualStudioVersion = 10.0.40219.1
Project("{FAE04EC0-301F-11D3-BF4B-00C04F79EFBC}") = "06FindTheNumbers", "06FindTheNumbers.csproj", "{FAE066E8-30AE-47F2-87F7-3ABA69D40AE0}"
EndProject
Global
	GlobalSection(SolutionConfigurationPlatforms) = preSolution
		Debug|Any CPU = Debug|Any CPU
		Release|Any CPU = Release|Any CPU
	EndGlobalSection
	GlobalSection(ProjectConfigurationPlatforms) = postSolution
		{FAE066E8-30AE-47F2-87F7-3ABA69D40AE0}.Debug|Any CPU.ActiveCfg = Debug|Any CPU
		{FAE066E8-30AE-47F2-87F7-3ABA69D40AE0}.Debug|Any CPU.Build.0 = Debug|Any CPU
		{FAE066E8-30AE-47F2-87F7-3ABA69D40AE0}.Release|Any CPU.ActiveCfg = Release|Any CPU
		{FAE066E8-30AE-47F2-87F7-3ABA69D40AE0}.Release|Any CPU.Build.0 = Release|Any CPU
	EndGlobalSection
	GlobalSection(SolutionProperties) = preSolution
		HideSolutionNode = FALSE
	EndGlobalSection
	GlobalSection(ExtensibilityGlobals) = postSolution
		SolutionGuid = {5B42A64F-81AA-4D21-88CA-49D1D8BD6D8D}
	EndGlobalSection
EndGlobal
