
Microsoft Visual Studio Solution File, Format Version 12.00
# Visual Studio Version 16
VisualStudioVersion = 16.0.31702.278
MinimumVisualStudioVersion = 10.0.40219.1
Project("{FAE04EC0-301F-11D3-BF4B-00C04F79EFBC}") = "10Poker", "10Poker.csproj", "{AD29A037-EDC0-4B35-A1C2-9931F1160E23}"
EndProject
Global
	GlobalSection(SolutionConfigurationPlatforms) = preSolution
		Debug|Any CPU = Debug|Any CPU
		Release|Any CPU = Release|Any CPU
	EndGlobalSection
	GlobalSection(ProjectConfigurationPlatforms) = postSolution
		{AD29A037-EDC0-4B35-A1C2-9931F1160E23}.Debug|Any CPU.ActiveCfg = Debug|Any CPU
		{AD29A037-EDC0-4B35-A1C2-9931F1160E23}.Debug|Any CPU.Build.0 = Debug|Any CPU
		{AD29A037-EDC0-4B35-A1C2-9931F1160E23}.Release|Any CPU.ActiveCfg = Release|Any CPU
		{AD29A037-EDC0-4B35-A1C2-9931F1160E23}.Release|Any CPU.Build.0 = Release|Any CPU
	EndGlobalSection
	GlobalSection(SolutionProperties) = preSolution
		HideSolutionNode = FALSE
	EndGlobalSection
	GlobalSection(ExtensibilityGlobals) = postSolution
		SolutionGuid = {28A5770E-73B2-4616-A496-F3C6AD78DD62}
	EndGlobalSection
EndGlobal
