
Microsoft Visual Studio Solution File, Format Version 12.00
# Visual Studio Version 16
VisualStudioVersion = 16.0.31702.278
MinimumVisualStudioVersion = 10.0.40219.1
Project("{FAE04EC0-301F-11D3-BF4B-00C04F79EFBC}") = "Parameters", "Parameters.csproj", "{5D3A3471-1082-45F7-A524-C698CBD0013A}"
EndProject
Global
	GlobalSection(SolutionConfigurationPlatforms) = preSolution
		Debug|Any CPU = Debug|Any CPU
		Release|Any CPU = Release|Any CPU
	EndGlobalSection
	GlobalSection(ProjectConfigurationPlatforms) = postSolution
		{5D3A3471-1082-45F7-A524-C698CBD0013A}.Debug|Any CPU.ActiveCfg = Debug|Any CPU
		{5D3A3471-1082-45F7-A524-C698CBD0013A}.Debug|Any CPU.Build.0 = Debug|Any CPU
		{5D3A3471-1082-45F7-A524-C698CBD0013A}.Release|Any CPU.ActiveCfg = Release|Any CPU
		{5D3A3471-1082-45F7-A524-C698CBD0013A}.Release|Any CPU.Build.0 = Release|Any CPU
	EndGlobalSection
	GlobalSection(SolutionProperties) = preSolution
		HideSolutionNode = FALSE
	EndGlobalSection
	GlobalSection(ExtensibilityGlobals) = postSolution
		SolutionGuid = {00DA19B0-5824-40DC-87BD-942C7B856393}
	EndGlobalSection
EndGlobal
