
Microsoft Visual Studio Solution File, Format Version 12.00
# Visual Studio Version 16
VisualStudioVersion = 16.0.31702.278
MinimumVisualStudioVersion = 10.0.40219.1
Project("{FAE04EC0-301F-11D3-BF4B-00C04F79EFBC}") = "06TestCodeGrade", "06TestCodeGrade.csproj", "{90B7D813-416A-407D-97E9-628F729A6196}"
EndProject
Global
	GlobalSection(SolutionConfigurationPlatforms) = preSolution
		Debug|Any CPU = Debug|Any CPU
		Release|Any CPU = Release|Any CPU
	EndGlobalSection
	GlobalSection(ProjectConfigurationPlatforms) = postSolution
		{90B7D813-416A-407D-97E9-628F729A6196}.Debug|Any CPU.ActiveCfg = Debug|Any CPU
		{90B7D813-416A-407D-97E9-628F729A6196}.Debug|Any CPU.Build.0 = Debug|Any CPU
		{90B7D813-416A-407D-97E9-628F729A6196}.Release|Any CPU.ActiveCfg = Release|Any CPU
		{90B7D813-416A-407D-97E9-628F729A6196}.Release|Any CPU.Build.0 = Release|Any CPU
	EndGlobalSection
	GlobalSection(SolutionProperties) = preSolution
		HideSolutionNode = FALSE
	EndGlobalSection
	GlobalSection(ExtensibilityGlobals) = postSolution
		SolutionGuid = {0AF5BE8A-6EE9-498E-AF57-5B5EB90FAC69}
	EndGlobalSection
EndGlobal
