
Microsoft Visual Studio Solution File, Format Version 12.00
# Visual Studio Version 16
VisualStudioVersion = 16.0.31702.278
MinimumVisualStudioVersion = 10.0.40219.1
Project("{FAE04EC0-301F-11D3-BF4B-00C04F79EFBC}") = "02Greatest", "02Greatest.csproj", "{5ADB5F9C-8922-4628-8852-55D4D9F3CFEC}"
EndProject
Global
	GlobalSection(SolutionConfigurationPlatforms) = preSolution
		Debug|Any CPU = Debug|Any CPU
		Release|Any CPU = Release|Any CPU
	EndGlobalSection
	GlobalSection(ProjectConfigurationPlatforms) = postSolution
		{5ADB5F9C-8922-4628-8852-55D4D9F3CFEC}.Debug|Any CPU.ActiveCfg = Debug|Any CPU
		{5ADB5F9C-8922-4628-8852-55D4D9F3CFEC}.Debug|Any CPU.Build.0 = Debug|Any CPU
		{5ADB5F9C-8922-4628-8852-55D4D9F3CFEC}.Release|Any CPU.ActiveCfg = Release|Any CPU
		{5ADB5F9C-8922-4628-8852-55D4D9F3CFEC}.Release|Any CPU.Build.0 = Release|Any CPU
	EndGlobalSection
	GlobalSection(SolutionProperties) = preSolution
		HideSolutionNode = FALSE
	EndGlobalSection
	GlobalSection(ExtensibilityGlobals) = postSolution
		SolutionGuid = {27384471-A5AD-4176-92D9-F1A46E5B410E}
	EndGlobalSection
EndGlobal
